
Microsoft Visual Studio Solution File, Format Version 12.00
# Visual Studio Version 17
VisualStudioVersion = 17.12.35506.116 d17.12
MinimumVisualStudioVersion = 10.0.40219.1
Project("{FAE04EC0-301F-11D3-BF4B-00C04F79EFBC}") = "Lab8_Bai2_Pc08063_KiemThuNangCao", "Lab8_Bai2_Pc08063_KiemThuNangCao\Lab8_Bai2_Pc08063_KiemThuNangCao.csproj", "{8007DF09-E49B-45D7-9C8C-82101D026D8E}"
EndProject
Project("{FAE04EC0-301F-11D3-BF4B-00C04F79EFBC}") = "Lab8_Bai2_Test", "Lab8_Bai2_Test\Lab8_Bai2_Test.csproj", "{D512B213-7FF2-4C4C-97E1-D802A560D9E6}"
EndProject
Global
	GlobalSection(SolutionConfigurationPlatforms) = preSolution
		Debug|Any CPU = Debug|Any CPU
		Release|Any CPU = Release|Any CPU
	EndGlobalSection
	GlobalSection(ProjectConfigurationPlatforms) = postSolution
		{8007DF09-E49B-45D7-9C8C-82101D026D8E}.Debug|Any CPU.ActiveCfg = Debug|Any CPU
		{8007DF09-E49B-45D7-9C8C-82101D026D8E}.Debug|Any CPU.Build.0 = Debug|Any CPU
		{8007DF09-E49B-45D7-9C8C-82101D026D8E}.Release|Any CPU.ActiveCfg = Release|Any CPU
		{8007DF09-E49B-45D7-9C8C-82101D026D8E}.Release|Any CPU.Build.0 = Release|Any CPU
		{D512B213-7FF2-4C4C-97E1-D802A560D9E6}.Debug|Any CPU.ActiveCfg = Debug|Any CPU
		{D512B213-7FF2-4C4C-97E1-D802A560D9E6}.Debug|Any CPU.Build.0 = Debug|Any CPU
		{D512B213-7FF2-4C4C-97E1-D802A560D9E6}.Release|Any CPU.ActiveCfg = Release|Any CPU
		{D512B213-7FF2-4C4C-97E1-D802A560D9E6}.Release|Any CPU.Build.0 = Release|Any CPU
	EndGlobalSection
	GlobalSection(SolutionProperties) = preSolution
		HideSolutionNode = FALSE
	EndGlobalSection
EndGlobal
